
Microsoft Visual Studio Solution File, Format Version 11.00
# Visual Studio 2010
Project("{FAE04EC0-301F-11D3-BF4B-00C04F79EFBC}") = "MySecondProject Version 8", "Assembly-CSharp.csproj", "{F6C2D39A-F481-1FB4-541D-56CFAC9E807A}"
EndProject
Global
	GlobalSection(SolutionConfigurationPlatforms) = preSolution
		Debug|Any CPU = Debug|Any CPU
		Release|Any CPU = Release|Any CPU
	EndGlobalSection
	GlobalSection(ProjectConfigurationPlatforms) = postSolution
		{F6C2D39A-F481-1FB4-541D-56CFAC9E807A}.Debug|Any CPU.ActiveCfg = Debug|Any CPU
		{F6C2D39A-F481-1FB4-541D-56CFAC9E807A}.Debug|Any CPU.Build.0 = Debug|Any CPU
		{F6C2D39A-F481-1FB4-541D-56CFAC9E807A}.Release|Any CPU.ActiveCfg = Release|Any CPU
		{F6C2D39A-F481-1FB4-541D-56CFAC9E807A}.Release|Any CPU.Build.0 = Release|Any CPU
	EndGlobalSection
	GlobalSection(SolutionProperties) = preSolution
		HideSolutionNode = FALSE
	EndGlobalSection
	GlobalSection(MonoDevelopProperties) = preSolution
		StartupItem = Assembly-CSharp.csproj
	EndGlobalSection
EndGlobal
