
Microsoft Visual Studio Solution File, Format Version 11.00
# Visual Studio 2010
Project("{FAE04EC0-301F-11D3-BF4B-00C04F79EFBC}") = "MySecondProject", "Assembly-CSharp.csproj", "{AAE82EAF-BD44-A51F-F47D-9D81216C6951}"
EndProject
Project("{FAE04EC0-301F-11D3-BF4B-00C04F79EFBC}") = "MySecondProject", "Assembly-CSharp-firstpass.csproj", "{05DB1C3A-E538-BD27-DD68-DEA73D291DAA}"
EndProject
Project("{FAE04EC0-301F-11D3-BF4B-00C04F79EFBC}") = "MySecondProject", "Assembly-CSharp-Editor-firstpass.csproj", "{D884ED44-EDB6-D83D-3FB7-DDDEAA71E3C3}"
EndProject
Global
	GlobalSection(SolutionConfigurationPlatforms) = preSolution
		Debug|Any CPU = Debug|Any CPU
		Release|Any CPU = Release|Any CPU
	EndGlobalSection
	GlobalSection(ProjectConfigurationPlatforms) = postSolution
		{AAE82EAF-BD44-A51F-F47D-9D81216C6951}.Debug|Any CPU.ActiveCfg = Debug|Any CPU
		{AAE82EAF-BD44-A51F-F47D-9D81216C6951}.Debug|Any CPU.Build.0 = Debug|Any CPU
		{AAE82EAF-BD44-A51F-F47D-9D81216C6951}.Release|Any CPU.ActiveCfg = Release|Any CPU
		{AAE82EAF-BD44-A51F-F47D-9D81216C6951}.Release|Any CPU.Build.0 = Release|Any CPU
		{05DB1C3A-E538-BD27-DD68-DEA73D291DAA}.Debug|Any CPU.ActiveCfg = Debug|Any CPU
		{05DB1C3A-E538-BD27-DD68-DEA73D291DAA}.Debug|Any CPU.Build.0 = Debug|Any CPU
		{05DB1C3A-E538-BD27-DD68-DEA73D291DAA}.Release|Any CPU.ActiveCfg = Release|Any CPU
		{05DB1C3A-E538-BD27-DD68-DEA73D291DAA}.Release|Any CPU.Build.0 = Release|Any CPU
		{D884ED44-EDB6-D83D-3FB7-DDDEAA71E3C3}.Debug|Any CPU.ActiveCfg = Debug|Any CPU
		{D884ED44-EDB6-D83D-3FB7-DDDEAA71E3C3}.Debug|Any CPU.Build.0 = Debug|Any CPU
		{D884ED44-EDB6-D83D-3FB7-DDDEAA71E3C3}.Release|Any CPU.ActiveCfg = Release|Any CPU
		{D884ED44-EDB6-D83D-3FB7-DDDEAA71E3C3}.Release|Any CPU.Build.0 = Release|Any CPU
	EndGlobalSection
	GlobalSection(SolutionProperties) = preSolution
		HideSolutionNode = FALSE
	EndGlobalSection
	GlobalSection(MonoDevelopProperties) = preSolution
		StartupItem = Assembly-CSharp.csproj
	EndGlobalSection
EndGlobal
