
Microsoft Visual Studio Solution File, Format Version 11.00
# Visual Studio 2010
Project("{FAE04EC0-301F-11D3-BF4B-00C04F79EFBC}") = "MySecondProject Version 4", "Assembly-CSharp.csproj", "{3FAC0B5A-3115-D958-10C0-1BEAA4F65916}"
EndProject
Global
	GlobalSection(SolutionConfigurationPlatforms) = preSolution
		Debug|Any CPU = Debug|Any CPU
		Release|Any CPU = Release|Any CPU
	EndGlobalSection
	GlobalSection(ProjectConfigurationPlatforms) = postSolution
		{3FAC0B5A-3115-D958-10C0-1BEAA4F65916}.Debug|Any CPU.ActiveCfg = Debug|Any CPU
		{3FAC0B5A-3115-D958-10C0-1BEAA4F65916}.Debug|Any CPU.Build.0 = Debug|Any CPU
		{3FAC0B5A-3115-D958-10C0-1BEAA4F65916}.Release|Any CPU.ActiveCfg = Release|Any CPU
		{3FAC0B5A-3115-D958-10C0-1BEAA4F65916}.Release|Any CPU.Build.0 = Release|Any CPU
	EndGlobalSection
	GlobalSection(SolutionProperties) = preSolution
		HideSolutionNode = FALSE
	EndGlobalSection
	GlobalSection(MonoDevelopProperties) = preSolution
		StartupItem = Assembly-CSharp.csproj
	EndGlobalSection
EndGlobal
